<?xml version="1.0" encoding="utf-8"?>
<Project ToolsVersion="4.0" xmlns="http://schemas.microsoft.com/developer/msbuild/2003">
  <ItemGroup>
    <ClCompile Include="animatedTexture.cpp" />
    <ClCompile Include="AssetManager.cpp" />
    <ClCompile Include="DisplayText.cpp" />
    <ClCompile Include="gameEntity.cpp" />
    <ClCompile Include="gameManager.cpp" />
    <ClCompile Include="graphics.cpp" />
    <ClCompile Include="MasterMap.cpp" />
    <ClCompile Include="menuManager.cpp" />
    <ClCompile Include="menuStart.cpp" />
    <ClCompile Include="Pokemon.cpp" />
    <ClCompile Include="startRoom.cpp" />
    <ClCompile Include="texture.cpp" />
    <ClCompile Include="timer.cpp" />
    <ClCompile Include="playerHouse.cpp" />
    <ClCompile Include="redHouse.cpp" />
    <ClCompile Include="reserchLab.cpp" />
    <ClCompile Include="pokemonCenter.cpp" />
    <ClCompile Include="pokemonMart.cpp" />
    <ClCompile Include="pokemonSchool.cpp" />
    <ClCompile Include="viridianCityHouse.cpp" />
    <ClCompile Include="pokemonLeague.cpp" />
    <ClCompile Include="AudioManager.cpp" />
  </ItemGroup>
  <ItemGroup>
    <ClInclude Include="animatedTexture.h" />
    <ClInclude Include="assetManager.h" />
    <ClInclude Include="DisplayText.h" />
    <ClInclude Include="gameEntity.h" />
    <ClInclude Include="gameManager.h" />
    <ClInclude Include="graphics.h" />
    <ClInclude Include="MasterMap.h" />
    <ClInclude Include="mathHelper.h" />
    <ClInclude Include="startRoom.h" />
    <ClInclude Include="menu.h" />
    <ClInclude Include="menuManager.h" />
    <ClInclude Include="texture.h" />
    <ClInclude Include="timer.h" />
    <ClInclude Include="playerHouse.h" />
    <ClInclude Include="redHouse.h" />
    <ClInclude Include="reserchLab.h" />
    <ClInclude Include="pokemonCenter.h" />
    <ClInclude Include="pokemonSchool.h" />
    <ClInclude Include="pokemonMart.h" />
    <ClInclude Include="viridianCityHouse.h" />
    <ClInclude Include="pokemonLeague.h" />
    <ClInclude Include="AudioManager.h" />
  </ItemGroup>
</Project>